// !$*UTF8*$!
{
	archiveVersion = 1;
	classes = {
	};
	objectVersion = 51;
	objects = {

/* Begin PBXBuildFile section */
		061DA39B258A77F7000FCF65 /* DataManager.swift in Sources */ = {isa = PBXBuildFile; fileRef = 061DA39A258A77F7000FCF65 /* DataManager.swift */; };
		063058E5258B358D000EC427 /* DetailsTabViewController.swift in Sources */ = {isa = PBXBuildFile; fileRef = 063058E4258B358D000EC427 /* DetailsTabViewController.swift */; };
		06358F4D258A5DFD00438975 /* DataFromServerStruct.swift in Sources */ = {isa = PBXBuildFile; fileRef = 06358F4C258A5DFD00438975 /* DataFromServerStruct.swift */; };
		06358F4F258A606400438975 /* UserDetailsViewController.swift in Sources */ = {isa = PBXBuildFile; fileRef = 06358F4E258A606400438975 /* UserDetailsViewController.swift */; };
		0646B04B258A2D4C00202655 /* AppDelegate.swift in Sources */ = {isa = PBXBuildFile; fileRef = 0646B04A258A2D4C00202655 /* AppDelegate.swift */; };
		0646B04D258A2D4C00202655 /* SceneDelegate.swift in Sources */ = {isa = PBXBuildFile; fileRef = 0646B04C258A2D4C00202655 /* SceneDelegate.swift */; };
		0646B04F258A2D4C00202655 /* ViewController.swift in Sources */ = {isa = PBXBuildFile; fileRef = 0646B04E258A2D4C00202655 /* ViewController.swift */; };
		0646B052258A2D4C00202655 /* Main.storyboard in Resources */ = {isa = PBXBuildFile; fileRef = 0646B050258A2D4C00202655 /* Main.storyboard */; };
		0646B054258A2D4E00202655 /* Assets.xcassets in Resources */ = {isa = PBXBuildFile; fileRef = 0646B053258A2D4E00202655 /* Assets.xcassets */; };
		0646B057258A2D4E00202655 /* LaunchScreen.storyboard in Resources */ = {isa = PBXBuildFile; fileRef = 0646B055258A2D4E00202655 /* LaunchScreen.storyboard */; };
		DE738DC388A00922F28DCF36 /* Pods_AssessmentTaskCspar.framework in Frameworks */ = {isa = PBXBuildFile; fileRef = CE83DB530C92D221FCB8B548 /* Pods_AssessmentTaskCspar.framework */; };
/* End PBXBuildFile section */

/* Begin PBXFileReference section */
		061DA39A258A77F7000FCF65 /* DataManager.swift */ = {isa = PBXFileReference; lastKnownFileType = sourcecode.swift; path = DataManager.swift; sourceTree = "<group>"; };
		063058E4258B358D000EC427 /* DetailsTabViewController.swift */ = {isa = PBXFileReference; lastKnownFileType = sourcecode.swift; path = DetailsTabViewController.swift; sourceTree = "<group>"; };
		06358F4C258A5DFD00438975 /* DataFromServerStruct.swift */ = {isa = PBXFileReference; lastKnownFileType = sourcecode.swift; path = DataFromServerStruct.swift; sourceTree = "<group>"; };
		06358F4E258A606400438975 /* UserDetailsViewController.swift */ = {isa = PBXFileReference; lastKnownFileType = sourcecode.swift; path = UserDetailsViewController.swift; sourceTree = "<group>"; };
		0646B047258A2D4C00202655 /* AssessmentTaskCspar.app */ = {isa = PBXFileReference; explicitFileType = wrapper.application; includeInIndex = 0; path = AssessmentTaskCspar.app; sourceTree = BUILT_PRODUCTS_DIR; };
		0646B04A258A2D4C00202655 /* AppDelegate.swift */ = {isa = PBXFileReference; lastKnownFileType = sourcecode.swift; path = AppDelegate.swift; sourceTree = "<group>"; };
		0646B04C258A2D4C00202655 /* SceneDelegate.swift */ = {isa = PBXFileReference; lastKnownFileType = sourcecode.swift; path = SceneDelegate.swift; sourceTree = "<group>"; };
		0646B04E258A2D4C00202655 /* ViewController.swift */ = {isa = PBXFileReference; lastKnownFileType = sourcecode.swift; path = ViewController.swift; sourceTree = "<group>"; };
		0646B051258A2D4C00202655 /* Base */ = {isa = PBXFileReference; lastKnownFileType = file.storyboard; name = Base; path = Base.lproj/Main.storyboard; sourceTree = "<group>"; };
		0646B053258A2D4E00202655 /* Assets.xcassets */ = {isa = PBXFileReference; lastKnownFileType = folder.assetcatalog; path = Assets.xcassets; sourceTree = "<group>"; };
		0646B056258A2D4E00202655 /* Base */ = {isa = PBXFileReference; lastKnownFileType = file.storyboard; name = Base; path = Base.lproj/LaunchScreen.storyboard; sourceTree = "<group>"; };
		0646B058258A2D4E00202655 /* Info.plist */ = {isa = PBXFileReference; lastKnownFileType = text.plist.xml; path = Info.plist; sourceTree = "<group>"; };
		C6C2CF0578978DE59F9D961C /* Pods-AssessmentTaskCspar.debug.xcconfig */ = {isa = PBXFileReference; includeInIndex = 1; lastKnownFileType = text.xcconfig; name = "Pods-AssessmentTaskCspar.debug.xcconfig"; path = "Target Support Files/Pods-AssessmentTaskCspar/Pods-AssessmentTaskCspar.debug.xcconfig"; sourceTree = "<group>"; };
		CE83DB530C92D221FCB8B548 /* Pods_AssessmentTaskCspar.framework */ = {isa = PBXFileReference; explicitFileType = wrapper.framework; includeInIndex = 0; path = Pods_AssessmentTaskCspar.framework; sourceTree = BUILT_PRODUCTS_DIR; };
		DB0A918A9FFCBC24FE0D2FEE /* Pods-AssessmentTaskCspar.release.xcconfig */ = {isa = PBXFileReference; includeInIndex = 1; lastKnownFileType = text.xcconfig; name = "Pods-AssessmentTaskCspar.release.xcconfig"; path = "Target Support Files/Pods-AssessmentTaskCspar/Pods-AssessmentTaskCspar.release.xcconfig"; sourceTree = "<group>"; };
/* End PBXFileReference section */

/* Begin PBXFrameworksBuildPhase section */
		0646B044258A2D4C00202655 /* Frameworks */ = {
			isa = PBXFrameworksBuildPhase;
			buildActionMask = 2147483647;
			files = (
				DE738DC388A00922F28DCF36 /* Pods_AssessmentTaskCspar.framework in Frameworks */,
			);
			runOnlyForDeploymentPostprocessing = 0;
		};
/* End PBXFrameworksBuildPhase section */

/* Begin PBXGroup section */
		063058E6258B7AEC000EC427 /* Model */ = {
			isa = PBXGroup;
			children = (
				06358F4C258A5DFD00438975 /* DataFromServerStruct.swift */,
				061DA39A258A77F7000FCF65 /* DataManager.swift */,
			);
			path = Model;
			sourceTree = "<group>";
		};
		063058E7258B7B16000EC427 /* View */ = {
			isa = PBXGroup;
			children = (
				0646B050258A2D4C00202655 /* Main.storyboard */,
				0646B055258A2D4E00202655 /* LaunchScreen.storyboard */,
			);
			path = View;
			sourceTree = "<group>";
		};
		063058E8258B7B2D000EC427 /* Controller */ = {
			isa = PBXGroup;
			children = (
				0646B04E258A2D4C00202655 /* ViewController.swift */,
				063058E4258B358D000EC427 /* DetailsTabViewController.swift */,
				06358F4E258A606400438975 /* UserDetailsViewController.swift */,
			);
			path = Controller;
			sourceTree = "<group>";
		};
		0646B03E258A2D4C00202655 = {
			isa = PBXGroup;
			children = (
				0646B049258A2D4C00202655 /* AssessmentTaskCspar */,
				0646B048258A2D4C00202655 /* Products */,
				302D60925AD888FB7C700FBC /* Pods */,
				BA0461F058BD3D6EA98F5DB0 /* Frameworks */,
			);
			sourceTree = "<group>";
		};
		0646B048258A2D4C00202655 /* Products */ = {
			isa = PBXGroup;
			children = (
				0646B047258A2D4C00202655 /* AssessmentTaskCspar.app */,
			);
			name = Products;
			sourceTree = "<group>";
		};
		0646B049258A2D4C00202655 /* AssessmentTaskCspar */ = {
			isa = PBXGroup;
			children = (
				0646B04A258A2D4C00202655 /* AppDelegate.swift */,
				0646B04C258A2D4C00202655 /* SceneDelegate.swift */,
				063058E6258B7AEC000EC427 /* Model */,
				063058E7258B7B16000EC427 /* View */,
				063058E8258B7B2D000EC427 /* Controller */,
				0646B053258A2D4E00202655 /* Assets.xcassets */,
				0646B058258A2D4E00202655 /* Info.plist */,
			);
			path = AssessmentTaskCspar;
			sourceTree = "<group>";
		};
		302D60925AD888FB7C700FBC /* Pods */ = {
			isa = PBXGroup;
			children = (
				C6C2CF0578978DE59F9D961C /* Pods-AssessmentTaskCspar.debug.xcconfig */,
				DB0A918A9FFCBC24FE0D2FEE /* Pods-AssessmentTaskCspar.release.xcconfig */,
			);
			path = Pods;
			sourceTree = "<group>";
		};
		BA0461F058BD3D6EA98F5DB0 /* Frameworks */ = {
			isa = PBXGroup;
			children = (
				CE83DB530C92D221FCB8B548 /* Pods_AssessmentTaskCspar.framework */,
			);
			name = Frameworks;
			sourceTree = "<group>";
		};
/* End PBXGroup section */

/* Begin PBXNativeTarget section */
		0646B046258A2D4C00202655 /* AssessmentTaskCspar */ = {
			isa = PBXNativeTarget;
			buildConfigurationList = 0646B05B258A2D4E00202655 /* Build configuration list for PBXNativeTarget "AssessmentTaskCspar" */;
			buildPhases = (
				7ABDBCA4742BDCEA76BE4579 /* [CP] Check Pods Manifest.lock */,
				0646B043258A2D4C00202655 /* Sources */,
				0646B044258A2D4C00202655 /* Frameworks */,
				0646B045258A2D4C00202655 /* Resources */,
				8786D7102468C23165B86163 /* [CP] Copy Pods Resources */,
			);
			buildRules = (
			);
			dependencies = (
			);
			name = AssessmentTaskCspar;
			productName = AssessmentTaskCspar;
			productReference = 0646B047258A2D4C00202655 /* AssessmentTaskCspar.app */;
			productType = "com.apple.product-type.application";
		};
/* End PBXNativeTarget section */

/* Begin PBXProject section */
		0646B03F258A2D4C00202655 /* Project object */ = {
			isa = PBXProject;
			attributes = {
				LastSwiftUpdateCheck = 1140;
				LastUpgradeCheck = 1140;
				ORGANIZATIONNAME = Mallikarjuna;
				TargetAttributes = {
					0646B046258A2D4C00202655 = {
						CreatedOnToolsVersion = 11.4.1;
					};
				};
			};
			buildConfigurationList = 0646B042258A2D4C00202655 /* Build configuration list for PBXProject "AssessmentTaskCspar" */;
			compatibilityVersion = "Xcode 9.3";
			developmentRegion = en;
			hasScannedForEncodings = 0;
			knownRegions = (
				en,
				Base,
			);
			mainGroup = 0646B03E258A2D4C00202655;
			productRefGroup = 0646B048258A2D4C00202655 /* Products */;
			projectDirPath = "";
			projectRoot = "";
			targets = (
				0646B046258A2D4C00202655 /* AssessmentTaskCspar */,
			);
		};
/* End PBXProject section */

/* Begin PBXResourcesBuildPhase section */
		0646B045258A2D4C00202655 /* Resources */ = {
			isa = PBXResourcesBuildPhase;
			buildActionMask = 2147483647;
			files = (
				0646B057258A2D4E00202655 /* LaunchScreen.storyboard in Resources */,
				0646B054258A2D4E00202655 /* Assets.xcassets in Resources */,
				0646B052258A2D4C00202655 /* Main.storyboard in Resources */,
			);
			runOnlyForDeploymentPostprocessing = 0;
		};
/* End PBXResourcesBuildPhase section */

/* Begin PBXShellScriptBuildPhase section */
		7ABDBCA4742BDCEA76BE4579 /* [CP] Check Pods Manifest.lock */ = {
			isa = PBXShellScriptBuildPhase;
			buildActionMask = 2147483647;
			files = (
			);
			inputFileListPaths = (
			);
			inputPaths = (
				"${PODS_PODFILE_DIR_PATH}/Podfile.lock",
				"${PODS_ROOT}/Manifest.lock",
			);
			name = "[CP] Check Pods Manifest.lock";
			outputFileListPaths = (
			);
			outputPaths = (
				"$(DERIVED_FILE_DIR)/Pods-AssessmentTaskCspar-checkManifestLockResult.txt",
			);
			runOnlyForDeploymentPostprocessing = 0;
			shellPath = /bin/sh;
			shellScript = "diff \"${PODS_PODFILE_DIR_PATH}/Podfile.lock\" \"${PODS_ROOT}/Manifest.lock\" > /dev/null\nif [ $? != 0 ] ; then\n    # print error to STDERR\n    echo \"error: The sandbox is not in sync with the Podfile.lock. Run 'pod install' or update your CocoaPods installation.\" >&2\n    exit 1\nfi\n# This output is used by Xcode 'outputs' to avoid re-running this script phase.\necho \"SUCCESS\" > \"${SCRIPT_OUTPUT_FILE_0}\"\n";
			showEnvVarsInLog = 0;
		};
		8786D7102468C23165B86163 /* [CP] Copy Pods Resources */ = {
			isa = PBXShellScriptBuildPhase;
			buildActionMask = 2147483647;
			files = (
			);
			inputFileListPaths = (
				"${PODS_ROOT}/Target Support Files/Pods-AssessmentTaskCspar/Pods-AssessmentTaskCspar-resources-${CONFIGURATION}-input-files.xcfilelist",
			);
			name = "[CP] Copy Pods Resources";
			outputFileListPaths = (
				"${PODS_ROOT}/Target Support Files/Pods-AssessmentTaskCspar/Pods-AssessmentTaskCspar-resources-${CONFIGURATION}-output-files.xcfilelist",
			);
			runOnlyForDeploymentPostprocessing = 0;
			shellPath = /bin/sh;
			shellScript = "\"${PODS_ROOT}/Target Support Files/Pods-AssessmentTaskCspar/Pods-AssessmentTaskCspar-resources.sh\"\n";
			showEnvVarsInLog = 0;
		};
/* End PBXShellScriptBuildPhase section */

/* Begin PBXSourcesBuildPhase section */
		0646B043258A2D4C00202655 /* Sources */ = {
			isa = PBXSourcesBuildPhase;
			buildActionMask = 2147483647;
			files = (
				06358F4F258A606400438975 /* UserDetailsViewController.swift in Sources */,
				061DA39B258A77F7000FCF65 /* DataManager.swift in Sources */,
				0646B04F258A2D4C00202655 /* ViewController.swift in Sources */,
				063058E5258B358D000EC427 /* DetailsTabViewController.swift in Sources */,
				0646B04B258A2D4C00202655 /* AppDelegate.swift in Sources */,
				0646B04D258A2D4C00202655 /* SceneDelegate.swift in Sources */,
				06358F4D258A5DFD00438975 /* DataFromServerStruct.swift in Sources */,
			);
			runOnlyForDeploymentPostprocessing = 0;
		};
/* End PBXSourcesBuildPhase section */

/* Begin PBXVariantGroup section */
		0646B050258A2D4C00202655 /* Main.storyboard */ = {
			isa = PBXVariantGroup;
			children = (
				0646B051258A2D4C00202655 /* Base */,
			);
			name = Main.storyboard;
			sourceTree = "<group>";
		};
		0646B055258A2D4E00202655 /* LaunchScreen.storyboard */ = {
			isa = PBXVariantGroup;
			children = (
				0646B056258A2D4E00202655 /* Base */,
			);
			name = LaunchScreen.storyboard;
			sourceTree = "<group>";
		};
/* End PBXVariantGroup section */

/* Begin XCBuildConfiguration section */
		0646B059258A2D4E00202655 /* Debug */ = {
			isa = XCBuildConfiguration;
			buildSettings = {
				ALWAYS_SEARCH_USER_PATHS = NO;
				CLANG_ANALYZER_NONNULL = YES;
				CLANG_ANALYZER_NUMBER_OBJECT_CONVERSION = YES_AGGRESSIVE;
				CLANG_CXX_LANGUAGE_STANDARD = "gnu++14";
				CLANG_CXX_LIBRARY = "libc++";
				CLANG_ENABLE_MODULES = YES;
				CLANG_ENABLE_OBJC_ARC = YES;
				CLANG_ENABLE_OBJC_WEAK = YES;
				CLANG_WARN_BLOCK_CAPTURE_AUTORELEASING = YES;
				CLANG_WARN_BOOL_CONVERSION = YES;
				CLANG_WARN_COMMA = YES;
				CLANG_WARN_CONSTANT_CONVERSION = YES;
				CLANG_WARN_DEPRECATED_OBJC_IMPLEMENTATIONS = YES;
				CLANG_WARN_DIRECT_OBJC_ISA_USAGE = YES_ERROR;
				CLANG_WARN_DOCUMENTATION_COMMENTS = YES;
				CLANG_WARN_EMPTY_BODY = YES;
				CLANG_WARN_ENUM_CONVERSION = YES;
				CLANG_WARN_INFINITE_RECURSION = YES;
				CLANG_WARN_INT_CONVERSION = YES;
				CLANG_WARN_NON_LITERAL_NULL_CONVERSION = YES;
				CLANG_WARN_OBJC_IMPLICIT_RETAIN_SELF = YES;
				CLANG_WARN_OBJC_LITERAL_CONVERSION = YES;
				CLANG_WARN_OBJC_ROOT_CLASS = YES_ERROR;
				CLANG_WARN_RANGE_LOOP_ANALYSIS = YES;
				CLANG_WARN_STRICT_PROTOTYPES = YES;
				CLANG_WARN_SUSPICIOUS_MOVE = YES;
				CLANG_WARN_UNGUARDED_AVAILABILITY = YES_AGGRESSIVE;
				CLANG_WARN_UNREACHABLE_CODE = YES;
				CLANG_WARN__DUPLICATE_METHOD_MATCH = YES;
				COPY_PHASE_STRIP = NO;
				DEBUG_INFORMATION_FORMAT = dwarf;
				ENABLE_STRICT_OBJC_MSGSEND = YES;
				ENABLE_TESTABILITY = YES;
				GCC_C_LANGUAGE_STANDARD = gnu11;
				GCC_DYNAMIC_NO_PIC = NO;
				GCC_NO_COMMON_BLOCKS = YES;
				GCC_OPTIMIZATION_LEVEL = 0;
				GCC_PREPROCESSOR_DEFINITIONS = (
					"DEBUG=1",
					"$(inherited)",
				);
				GCC_WARN_64_TO_32_BIT_CONVERSION = YES;
				GCC_WARN_ABOUT_RETURN_TYPE = YES_ERROR;
				GCC_WARN_UNDECLARED_SELECTOR = YES;
				GCC_WARN_UNINITIALIZED_AUTOS = YES_AGGRESSIVE;
				GCC_WARN_UNUSED_FUNCTION = YES;
				GCC_WARN_UNUSED_VARIABLE = YES;
				IPHONEOS_DEPLOYMENT_TARGET = 13.4;
				MTL_ENABLE_DEBUG_INFO = INCLUDE_SOURCE;
				MTL_FAST_MATH = YES;
				ONLY_ACTIVE_ARCH = YES;
				SDKROOT = iphoneos;
				SWIFT_ACTIVE_COMPILATION_CONDITIONS = DEBUG;
				SWIFT_OPTIMIZATION_LEVEL = "-Onone";
			};
			name = Debug;
		};
		0646B05A258A2D4E00202655 /* Release */ = {
			isa = XCBuildConfiguration;
			buildSettings = {
				ALWAYS_SEARCH_USER_PATHS = NO;
				CLANG_ANALYZER_NONNULL = YES;
				CLANG_ANALYZER_NUMBER_OBJECT_CONVERSION = YES_AGGRESSIVE;
				CLANG_CXX_LANGUAGE_STANDARD = "gnu++14";
				CLANG_CXX_LIBRARY = "libc++";
				CLANG_ENABLE_MODULES = YES;
				CLANG_ENABLE_OBJC_ARC = YES;
				CLANG_ENABLE_OBJC_WEAK = YES;
				CLANG_WARN_BLOCK_CAPTURE_AUTORELEASING = YES;
				CLANG_WARN_BOOL_CONVERSION = YES;
				CLANG_WARN_COMMA = YES;
				CLANG_WARN_CONSTANT_CONVERSION = YES;
				CLANG_WARN_DEPRECATED_OBJC_IMPLEMENTATIONS = YES;
				CLANG_WARN_DIRECT_OBJC_ISA_USAGE = YES_ERROR;
				CLANG_WARN_DOCUMENTATION_COMMENTS = YES;
				CLANG_WARN_EMPTY_BODY = YES;
				CLANG_WARN_ENUM_CONVERSION = YES;
				CLANG_WARN_INFINITE_RECURSION = YES;
				CLANG_WARN_INT_CONVERSION = YES;
				CLANG_WARN_NON_LITERAL_NULL_CONVERSION = YES;
				CLANG_WARN_OBJC_IMPLICIT_RETAIN_SELF = YES;
				CLANG_WARN_OBJC_LITERAL_CONVERSION = YES;
				CLANG_WARN_OBJC_ROOT_CLASS = YES_ERROR;
				CLANG_WARN_RANGE_LOOP_ANALYSIS = YES;
				CLANG_WARN_STRICT_PROTOTYPES = YES;
				CLANG_WARN_SUSPICIOUS_MOVE = YES;
				CLANG_WARN_UNGUARDED_AVAILABILITY = YES_AGGRESSIVE;
				CLANG_WARN_UNREACHABLE_CODE = YES;
				CLANG_WARN__DUPLICATE_METHOD_MATCH = YES;
				COPY_PHASE_STRIP = NO;
				DEBUG_INFORMATION_FORMAT = "dwarf-with-dsym";
				ENABLE_NS_ASSERTIONS = NO;
				ENABLE_STRICT_OBJC_MSGSEND = YES;
				GCC_C_LANGUAGE_STANDARD = gnu11;
				GCC_NO_COMMON_BLOCKS = YES;
				GCC_WARN_64_TO_32_BIT_CONVERSION = YES;
				GCC_WARN_ABOUT_RETURN_TYPE = YES_ERROR;
				GCC_WARN_UNDECLARED_SELECTOR = YES;
				GCC_WARN_UNINITIALIZED_AUTOS = YES_AGGRESSIVE;
				GCC_WARN_UNUSED_FUNCTION = YES;
				GCC_WARN_UNUSED_VARIABLE = YES;
				IPHONEOS_DEPLOYMENT_TARGET = 13.4;
				MTL_ENABLE_DEBUG_INFO = NO;
				MTL_FAST_MATH = YES;
				SDKROOT = iphoneos;
				SWIFT_COMPILATION_MODE = wholemodule;
				SWIFT_OPTIMIZATION_LEVEL = "-O";
				VALIDATE_PRODUCT = YES;
			};
			name = Release;
		};
		0646B05C258A2D4E00202655 /* Debug */ = {
			isa = XCBuildConfiguration;
			baseConfigurationReference = C6C2CF0578978DE59F9D961C /* Pods-AssessmentTaskCspar.debug.xcconfig */;
			buildSettings = {
				ASSETCATALOG_COMPILER_APPICON_NAME = AppIcon;
				CODE_SIGN_STYLE = Automatic;
				INFOPLIST_FILE = AssessmentTaskCspar/Info.plist;
				LD_RUNPATH_SEARCH_PATHS = (
					"$(inherited)",
					"@executable_path/Frameworks",
				);
				PRODUCT_BUNDLE_IDENTIFIER = mallikarjuna.AssessmentTaskCspar;
				PRODUCT_NAME = "$(TARGET_NAME)";
				SWIFT_VERSION = 5.0;
				TARGETED_DEVICE_FAMILY = "1,2";
			};
			name = Debug;
		};
		0646B05D258A2D4E00202655 /* Release */ = {
			isa = XCBuildConfiguration;
			baseConfigurationReference = DB0A918A9FFCBC24FE0D2FEE /* Pods-AssessmentTaskCspar.release.xcconfig */;
			buildSettings = {
				ASSETCATALOG_COMPILER_APPICON_NAME = AppIcon;
				CODE_SIGN_STYLE = Automatic;
				INFOPLIST_FILE = AssessmentTaskCspar/Info.plist;
				LD_RUNPATH_SEARCH_PATHS = (
					"$(inherited)",
					"@executable_path/Frameworks",
				);
				PRODUCT_BUNDLE_IDENTIFIER = mallikarjuna.AssessmentTaskCspar;
				PRODUCT_NAME = "$(TARGET_NAME)";
				SWIFT_VERSION = 5.0;
				TARGETED_DEVICE_FAMILY = "1,2";
			};
			name = Release;
		};
/* End XCBuildConfiguration section */

/* Begin XCConfigurationList section */
		0646B042258A2D4C00202655 /* Build configuration list for PBXProject "AssessmentTaskCspar" */ = {
			isa = XCConfigurationList;
			buildConfigurations = (
				0646B059258A2D4E00202655 /* Debug */,
				0646B05A258A2D4E00202655 /* Release */,
			);
			defaultConfigurationIsVisible = 0;
			defaultConfigurationName = Release;
		};
		0646B05B258A2D4E00202655 /* Build configuration list for PBXNativeTarget "AssessmentTaskCspar" */ = {
			isa = XCConfigurationList;
			buildConfigurations = (
				0646B05C258A2D4E00202655 /* Debug */,
				0646B05D258A2D4E00202655 /* Release */,
			);
			defaultConfigurationIsVisible = 0;
			defaultConfigurationName = Release;
		};
/* End XCConfigurationList section */
	};
	rootObject = 0646B03F258A2D4C00202655 /* Project object */;
}
